lockfileVersion: '6.0'

settings:
  autoInstallPeers: true
  excludeLinksFromLockfile: false

dependencies:
  '@aws-sdk/client-s3':
    specifier: ^3.423.0
    version: 3.423.0
  '@aws-sdk/client-textract':
    specifier: ^3.423.0
    version: 3.423.0

devDependencies:
  '@types/aws-lambda':
    specifier: ^8.10.122
    version: 8.10.122
  esbuild:
    specifier: ^0.19.4
    version: 0.19.4

packages:

  /@aws-crypto/crc32@3.0.0:
    resolution: {integrity: sha512-IzSgsrxUcsrejQbPVilIKy16kAT52EwB6zSaI+M3xxIhKh5+aldEyvI+z6erM7TCLB2BJsFrtHjp6/4/sr+3dA==}
    dependencies:
      '@aws-crypto/util': 3.0.0
      '@aws-sdk/types': 3.418.0
      tslib: 1.14.1
    dev: false

  /@aws-crypto/crc32c@3.0.0:
    resolution: {integrity: sha512-ENNPPManmnVJ4BTXlOjAgD7URidbAznURqD0KvfREyc4o20DPYdEldU1f5cQ7Jbj0CJJSPaMIk/9ZshdB3210w==}
    dependencies:
      '@aws-crypto/util': 3.0.0
      '@aws-sdk/types': 3.418.0
      tslib: 1.14.1
    dev: false

  /@aws-crypto/ie11-detection@3.0.0:
    resolution: {integrity: sha512-341lBBkiY1DfDNKai/wXM3aujNBkXR7tq1URPQDL9wi3AUbI80NR74uF1TXHMm7po1AcnFk8iu2S2IeU/+/A+Q==}
    dependencies:
      tslib: 1.14.1
    dev: false

  /@aws-crypto/sha1-browser@3.0.0:
    resolution: {integrity: sha512-NJth5c997GLHs6nOYTzFKTbYdMNA6/1XlKVgnZoaZcQ7z7UJlOgj2JdbHE8tiYLS3fzXNCguct77SPGat2raSw==}
    dependencies:
      '@aws-crypto/ie11-detection': 3.0.0
      '@aws-crypto/supports-web-crypto': 3.0.0
      '@aws-crypto/util': 3.0.0
      '@aws-sdk/types': 3.418.0
      '@aws-sdk/util-locate-window': 3.310.0
      '@aws-sdk/util-utf8-browser': 3.259.0
      tslib: 1.14.1
    dev: false

  /@aws-crypto/sha256-browser@3.0.0:
    resolution: {integrity: sha512-8VLmW2B+gjFbU5uMeqtQM6Nj0/F1bro80xQXCW6CQBWgosFWXTx77aeOF5CAIAmbOK64SdMBJdNr6J41yP5mvQ==}
    dependencies:
      '@aws-crypto/ie11-detection': 3.0.0
      '@aws-crypto/sha256-js': 3.0.0
      '@aws-crypto/supports-web-crypto': 3.0.0
      '@aws-crypto/util': 3.0.0
      '@aws-sdk/types': 3.418.0
      '@aws-sdk/util-locate-window': 3.310.0
      '@aws-sdk/util-utf8-browser': 3.259.0
      tslib: 1.14.1
    dev: false

  /@aws-crypto/sha256-js@3.0.0:
    resolution: {integrity: sha512-PnNN7os0+yd1XvXAy23CFOmTbMaDxgxXtTKHybrJ39Y8kGzBATgBFibWJKH6BhytLI/Zyszs87xCOBNyBig6vQ==}
    dependencies:
      '@aws-crypto/util': 3.0.0
      '@aws-sdk/types': 3.418.0
      tslib: 1.14.1
    dev: false

  /@aws-crypto/supports-web-crypto@3.0.0:
    resolution: {integrity: sha512-06hBdMwUAb2WFTuGG73LSC0wfPu93xWwo5vL2et9eymgmu3Id5vFAHBbajVWiGhPO37qcsdCap/FqXvJGJWPIg==}
    dependencies:
      tslib: 1.14.1
    dev: false

  /@aws-crypto/util@3.0.0:
    resolution: {integrity: sha512-2OJlpeJpCR48CC8r+uKVChzs9Iungj9wkZrl8Z041DWEWvyIHILYKCPNzJghKsivj+S3mLo6BVc7mBNzdxA46w==}
    dependencies:
      '@aws-sdk/types': 3.418.0
      '@aws-sdk/util-utf8-browser': 3.259.0
      tslib: 1.14.1
    dev: false

  /@aws-sdk/client-s3@3.423.0:
    resolution: {integrity: sha512-Sn/6fotTDGp+uUfPU0JrKszHT/cYwZonly6Ahi4R/uxASLQnOEAF7MwVSjms+/LGu72Qs0Tt7B7RKW76GI4OIA==}
    engines: {node: '>=14.0.0'}
    dependencies:
      '@aws-crypto/sha1-browser': 3.0.0
      '@aws-crypto/sha256-browser': 3.0.0
      '@aws-crypto/sha256-js': 3.0.0
      '@aws-sdk/client-sts': 3.423.0
      '@aws-sdk/credential-provider-node': 3.423.0
      '@aws-sdk/middleware-bucket-endpoint': 3.418.0
      '@aws-sdk/middleware-expect-continue': 3.418.0
      '@aws-sdk/middleware-flexible-checksums': 3.418.0
      '@aws-sdk/middleware-host-header': 3.418.0
      '@aws-sdk/middleware-location-constraint': 3.418.0
      '@aws-sdk/middleware-logger': 3.418.0
      '@aws-sdk/middleware-recursion-detection': 3.418.0
      '@aws-sdk/middleware-sdk-s3': 3.418.0
      '@aws-sdk/middleware-signing': 3.418.0
      '@aws-sdk/middleware-ssec': 3.418.0
      '@aws-sdk/middleware-user-agent': 3.418.0
      '@aws-sdk/region-config-resolver': 3.418.0
      '@aws-sdk/signature-v4-multi-region': 3.418.0
      '@aws-sdk/types': 3.418.0
      '@aws-sdk/util-endpoints': 3.418.0
      '@aws-sdk/util-user-agent-browser': 3.418.0
      '@aws-sdk/util-user-agent-node': 3.418.0
      '@aws-sdk/xml-builder': 3.310.0
      '@smithy/config-resolver': 2.0.11
      '@smithy/eventstream-serde-browser': 2.0.10
      '@smithy/eventstream-serde-config-resolver': 2.0.10
      '@smithy/eventstream-serde-node': 2.0.10
      '@smithy/fetch-http-handler': 2.2.1
      '@smithy/hash-blob-browser': 2.0.10
      '@smithy/hash-node': 2.0.10
      '@smithy/hash-stream-node': 2.0.10
      '@smithy/invalid-dependency': 2.0.10
      '@smithy/md5-js': 2.0.10
      '@smithy/middleware-content-length': 2.0.12
      '@smithy/middleware-endpoint': 2.0.10
      '@smithy/middleware-retry': 2.0.13
      '@smithy/middleware-serde': 2.0.10
      '@smithy/middleware-stack': 2.0.4
      '@smithy/node-config-provider': 2.0.13
      '@smithy/node-http-handler': 2.1.6
      '@smithy/protocol-http': 3.0.6
      '@smithy/smithy-client': 2.1.9
      '@smithy/types': 2.3.4
      '@smithy/url-parser': 2.0.10
      '@smithy/util-base64': 2.0.0
      '@smithy/util-body-length-browser': 2.0.0
      '@smithy/util-body-length-node': 2.1.0
      '@smithy/util-defaults-mode-browser': 2.0.13
      '@smithy/util-defaults-mode-node': 2.0.15
      '@smithy/util-retry': 2.0.3
      '@smithy/util-stream': 2.0.14
      '@smithy/util-utf8': 2.0.0
      '@smithy/util-waiter': 2.0.10
      fast-xml-parser: 4.2.5
      tslib: 2.6.2
    transitivePeerDependencies:
      - aws-crt
    dev: false

  /@aws-sdk/client-sso@3.423.0:
    resolution: {integrity: sha512-znIufHkwhCIePgaYciIs3x/+BpzR57CZzbCKHR9+oOvGyufEPPpUT5bFLvbwTgfiVkTjuk6sG/ES3U5Bc+xtrA==}
    engines: {node: '>=14.0.0'}
    dependencies:
      '@aws-crypto/sha256-browser': 3.0.0
      '@aws-crypto/sha256-js': 3.0.0
      '@aws-sdk/middleware-host-header': 3.418.0
      '@aws-sdk/middleware-logger': 3.418.0
      '@aws-sdk/middleware-recursion-detection': 3.418.0
      '@aws-sdk/middleware-user-agent': 3.418.0
      '@aws-sdk/region-config-resolver': 3.418.0
      '@aws-sdk/types': 3.418.0
      '@aws-sdk/util-endpoints': 3.418.0
      '@aws-sdk/util-user-agent-browser': 3.418.0
      '@aws-sdk/util-user-agent-node': 3.418.0
      '@smithy/config-resolver': 2.0.11
      '@smithy/fetch-http-handler': 2.2.1
      '@smithy/hash-node': 2.0.10
      '@smithy/invalid-dependency': 2.0.10
      '@smithy/middleware-content-length': 2.0.12
      '@smithy/middleware-endpoint': 2.0.10
      '@smithy/middleware-retry': 2.0.13
      '@smithy/middleware-serde': 2.0.10
      '@smithy/middleware-stack': 2.0.4
      '@smithy/node-config-provider': 2.0.13
      '@smithy/node-http-handler': 2.1.6
      '@smithy/protocol-http': 3.0.6
      '@smithy/smithy-client': 2.1.9
      '@smithy/types': 2.3.4
      '@smithy/url-parser': 2.0.10
      '@smithy/util-base64': 2.0.0
      '@smithy/util-body-length-browser': 2.0.0
      '@smithy/util-body-length-node': 2.1.0
      '@smithy/util-defaults-mode-browser': 2.0.13
      '@smithy/util-defaults-mode-node': 2.0.15
      '@smithy/util-retry': 2.0.3
      '@smithy/util-utf8': 2.0.0
      tslib: 2.6.2
    transitivePeerDependencies:
      - aws-crt
    dev: false

  /@aws-sdk/client-sts@3.423.0:
    resolution: {integrity: sha512-EcpkKu02QZbRX6dQE0u7a8RgWrn/5riz1qAlKd7rM8FZJpr/D6GGX8ZzWxjgp7pRUgfNvinTmIudDnyQY3v9Mg==}
    engines: {node: '>=14.0.0'}
    dependencies:
      '@aws-crypto/sha256-browser': 3.0.0
      '@aws-crypto/sha256-js': 3.0.0
      '@aws-sdk/credential-provider-node': 3.423.0
      '@aws-sdk/middleware-host-header': 3.418.0
      '@aws-sdk/middleware-logger': 3.418.0
      '@aws-sdk/middleware-recursion-detection': 3.418.0
      '@aws-sdk/middleware-sdk-sts': 3.418.0
      '@aws-sdk/middleware-signing': 3.418.0
      '@aws-sdk/middleware-user-agent': 3.418.0
      '@aws-sdk/region-config-resolver': 3.418.0
      '@aws-sdk/types': 3.418.0
      '@aws-sdk/util-endpoints': 3.418.0
      '@aws-sdk/util-user-agent-browser': 3.418.0
      '@aws-sdk/util-user-agent-node': 3.418.0
      '@smithy/config-resolver': 2.0.11
      '@smithy/fetch-http-handler': 2.2.1
      '@smithy/hash-node': 2.0.10
      '@smithy/invalid-dependency': 2.0.10
      '@smithy/middleware-content-length': 2.0.12
      '@smithy/middleware-endpoint': 2.0.10
      '@smithy/middleware-retry': 2.0.13
      '@smithy/middleware-serde': 2.0.10
      '@smithy/middleware-stack': 2.0.4
      '@smithy/node-config-provider': 2.0.13
      '@smithy/node-http-handler': 2.1.6
      '@smithy/protocol-http': 3.0.6
      '@smithy/smithy-client': 2.1.9
      '@smithy/types': 2.3.4
      '@smithy/url-parser': 2.0.10
      '@smithy/util-base64': 2.0.0
      '@smithy/util-body-length-browser': 2.0.0
      '@smithy/util-body-length-node': 2.1.0
      '@smithy/util-defaults-mode-browser': 2.0.13
      '@smithy/util-defaults-mode-node': 2.0.15
      '@smithy/util-retry': 2.0.3
      '@smithy/util-utf8': 2.0.0
      fast-xml-parser: 4.2.5
      tslib: 2.6.2
    transitivePeerDependencies:
      - aws-crt
    dev: false

  /@aws-sdk/client-textract@3.423.0:
    resolution: {integrity: sha512-TVg0LQhQGuAOvD8xTo8NcHtXLF+ujS5Ouz6nlOarf/KWxQZ56gj0C+Ds4tNov981xetbV6BGjatCo/6adbDrvA==}
    engines: {node: '>=14.0.0'}
    dependencies:
      '@aws-crypto/sha256-browser': 3.0.0
      '@aws-crypto/sha256-js': 3.0.0
      '@aws-sdk/client-sts': 3.423.0
      '@aws-sdk/credential-provider-node': 3.423.0
      '@aws-sdk/middleware-host-header': 3.418.0
      '@aws-sdk/middleware-logger': 3.418.0
      '@aws-sdk/middleware-recursion-detection': 3.418.0
      '@aws-sdk/middleware-signing': 3.418.0
      '@aws-sdk/middleware-user-agent': 3.418.0
      '@aws-sdk/region-config-resolver': 3.418.0
      '@aws-sdk/types': 3.418.0
      '@aws-sdk/util-endpoints': 3.418.0
      '@aws-sdk/util-user-agent-browser': 3.418.0
      '@aws-sdk/util-user-agent-node': 3.418.0
      '@smithy/config-resolver': 2.0.11
      '@smithy/fetch-http-handler': 2.2.1
      '@smithy/hash-node': 2.0.10
      '@smithy/invalid-dependency': 2.0.10
      '@smithy/middleware-content-length': 2.0.12
      '@smithy/middleware-endpoint': 2.0.10
      '@smithy/middleware-retry': 2.0.13
      '@smithy/middleware-serde': 2.0.10
      '@smithy/middleware-stack': 2.0.4
      '@smithy/node-config-provider': 2.0.13
      '@smithy/node-http-handler': 2.1.6
      '@smithy/protocol-http': 3.0.6
      '@smithy/smithy-client': 2.1.9
      '@smithy/types': 2.3.4
      '@smithy/url-parser': 2.0.10
      '@smithy/util-base64': 2.0.0
      '@smithy/util-body-length-browser': 2.0.0
      '@smithy/util-body-length-node': 2.1.0
      '@smithy/util-defaults-mode-browser': 2.0.13
      '@smithy/util-defaults-mode-node': 2.0.15
      '@smithy/util-retry': 2.0.3
      '@smithy/util-utf8': 2.0.0
      tslib: 2.6.2
    transitivePeerDependencies:
      - aws-crt
    dev: false

  /@aws-sdk/credential-provider-env@3.418.0:
    resolution: {integrity: sha512-e74sS+x63EZUBO+HaI8zor886YdtmULzwKdctsZp5/37Xho1CVUNtEC+fYa69nigBD9afoiH33I4JggaHgrekQ==}
    engines: {node: '>=14.0.0'}
    dependencies:
      '@aws-sdk/types': 3.418.0
      '@smithy/property-provider': 2.0.11
      '@smithy/types': 2.3.4
      tslib: 2.6.2
    dev: false

  /@aws-sdk/credential-provider-ini@3.423.0:
    resolution: {integrity: sha512-7CsFWz8g7dQmblp57XzzxMirO4ClowGZIOwAheBkmk6q1XHbllcHFnbh2kdPyQQ0+JmjDg6waztIc7dY7Ycfvw==}
    engines: {node: '>=14.0.0'}
    dependencies:
      '@aws-sdk/credential-provider-env': 3.418.0
      '@aws-sdk/credential-provider-process': 3.418.0
      '@aws-sdk/credential-provider-sso': 3.423.0
      '@aws-sdk/credential-provider-web-identity': 3.418.0
      '@aws-sdk/types': 3.418.0
      '@smithy/credential-provider-imds': 2.0.13
      '@smithy/property-provider': 2.0.11
      '@smithy/shared-ini-file-loader': 2.0.12
      '@smithy/types': 2.3.4
      tslib: 2.6.2
    transitivePeerDependencies:
      - aws-crt
    dev: false

  /@aws-sdk/credential-provider-node@3.423.0:
    resolution: {integrity: sha512-lygbGJJUnDpgo8OEqdoYd51BKkyBVQ1Catiua/m0aHvL+SCmVrHiYPQPawWYGxpH8X3DXdXa0nd0LkEaevrHRg==}
    engines: {node: '>=14.0.0'}
    dependencies:
      '@aws-sdk/credential-provider-env': 3.418.0
      '@aws-sdk/credential-provider-ini': 3.423.0
      '@aws-sdk/credential-provider-process': 3.418.0
      '@aws-sdk/credential-provider-sso': 3.423.0
      '@aws-sdk/credential-provider-web-identity': 3.418.0
      '@aws-sdk/types': 3.418.0
      '@smithy/credential-provider-imds': 2.0.13
      '@smithy/property-provider': 2.0.11
      '@smithy/shared-ini-file-loader': 2.0.12
      '@smithy/types': 2.3.4
      tslib: 2.6.2
    transitivePeerDependencies:
      - aws-crt
    dev: false

  /@aws-sdk/credential-provider-process@3.418.0:
    resolution: {integrity: sha512-xPbdm2WKz1oH6pTkrJoUmr3OLuqvvcPYTQX0IIlc31tmDwDWPQjXGGFD/vwZGIZIkKaFpFxVMgAzfFScxox7dw==}
    engines: {node: '>=14.0.0'}
    dependencies:
      '@aws-sdk/types': 3.418.0
      '@smithy/property-provider': 2.0.11
      '@smithy/shared-ini-file-loader': 2.0.12
      '@smithy/types': 2.3.4
      tslib: 2.6.2
    dev: false

  /@aws-sdk/credential-provider-sso@3.423.0:
    resolution: {integrity: sha512-zAH68IjRMmW22USbsCVQ5Q6AHqhmWABwLbZAMocSGMasddTGv/nkA/nUiVCJ/B4LI3P81FoPQVrG5JxNmkNH0w==}
    engines: {node: '>=14.0.0'}
    dependencies:
      '@aws-sdk/client-sso': 3.423.0
      '@aws-sdk/token-providers': 3.418.0
      '@aws-sdk/types': 3.418.0
      '@smithy/property-provider': 2.0.11
      '@smithy/shared-ini-file-loader': 2.0.12
      '@smithy/types': 2.3.4
      tslib: 2.6.2
    transitivePeerDependencies:
      - aws-crt
    dev: false

  /@aws-sdk/credential-provider-web-identity@3.418.0:
    resolution: {integrity: sha512-do7ang565n9p3dS1JdsQY01rUfRx8vkxQqz5M8OlcEHBNiCdi2PvSjNwcBdrv/FKkyIxZb0TImOfBSt40hVdxQ==}
    engines: {node: '>=14.0.0'}
    dependencies:
      '@aws-sdk/types': 3.418.0
      '@smithy/property-provider': 2.0.11
      '@smithy/types': 2.3.4
      tslib: 2.6.2
    dev: false

  /@aws-sdk/middleware-bucket-endpoint@3.418.0:
    resolution: {integrity: sha512-gj/mj1UfbKkGbQ1N4YUvjTTp8BVs5fO1QAL2AjFJ+jfJOToLReX72aNEkm7sPGbHML0TqOY4cQbJuWYy+zdD5g==}
    engines: {node: '>=14.0.0'}
    dependencies:
      '@aws-sdk/types': 3.418.0
      '@aws-sdk/util-arn-parser': 3.310.0
      '@smithy/node-config-provider': 2.0.13
      '@smithy/protocol-http': 3.0.6
      '@smithy/types': 2.3.4
      '@smithy/util-config-provider': 2.0.0
      tslib: 2.6.2
    dev: false

  /@aws-sdk/middleware-expect-continue@3.418.0:
    resolution: {integrity: sha512-6x4rcIj685EmqDLQkbWoCur3Dg5DRClHMen6nHXmD3CR5Xyt3z1Gk/+jmZICxyJo9c6M4AeZht8o95BopkmYAQ==}
    engines: {node: '>=14.0.0'}
    dependencies:
      '@aws-sdk/types': 3.418.0
      '@smithy/protocol-http': 3.0.6
      '@smithy/types': 2.3.4
      tslib: 2.6.2
    dev: false

  /@aws-sdk/middleware-flexible-checksums@3.418.0:
    resolution: {integrity: sha512-3O203dqS2JU5P1TAAbo7p1qplXQh59pevw9nqzPVb3EG8B+mSucVf2kKmF7kGHqKSk+nK/mB/4XGSsZBzGt6Wg==}
    engines: {node: '>=14.0.0'}
    dependencies:
      '@aws-crypto/crc32': 3.0.0
      '@aws-crypto/crc32c': 3.0.0
      '@aws-sdk/types': 3.418.0
      '@smithy/is-array-buffer': 2.0.0
      '@smithy/protocol-http': 3.0.6
      '@smithy/types': 2.3.4
      '@smithy/util-utf8': 2.0.0
      tslib: 2.6.2
    dev: false

  /@aws-sdk/middleware-host-header@3.418.0:
    resolution: {integrity: sha512-LrMTdzalkPw/1ujLCKPLwCGvPMCmT4P+vOZQRbSEVZPnlZk+Aj++aL/RaHou0jL4kJH3zl8iQepriBt4a7UvXQ==}
    engines: {node: '>=14.0.0'}
    dependencies:
      '@aws-sdk/types': 3.418.0
      '@smithy/protocol-http': 3.0.6
      '@smithy/types': 2.3.4
      tslib: 2.6.2
    dev: false

  /@aws-sdk/middleware-location-constraint@3.418.0:
    resolution: {integrity: sha512-cc8M3VEaESHJhDsDV8tTpt2QYUprDWhvAVVSlcL43cTdZ54Quc0W+toDiaVOUlwrAZz2Y7g5NDj22ibJGFbOvw==}
    engines: {node: '>=14.0.0'}
    dependencies:
      '@aws-sdk/types': 3.418.0
      '@smithy/types': 2.3.4
      tslib: 2.6.2
    dev: false

  /@aws-sdk/middleware-logger@3.418.0:
    resolution: {integrity: sha512-StKGmyPVfoO/wdNTtKemYwoJsqIl4l7oqarQY7VSf2Mp3mqaa+njLViHsQbirYpyqpgUEusOnuTlH5utxJ1NsQ==}
    engines: {node: '>=14.0.0'}
    dependencies:
      '@aws-sdk/types': 3.418.0
      '@smithy/types': 2.3.4
      tslib: 2.6.2
    dev: false

  /@aws-sdk/middleware-recursion-detection@3.418.0:
    resolution: {integrity: sha512-kKFrIQglBLUFPbHSDy1+bbe3Na2Kd70JSUC3QLMbUHmqipXN8KeXRfAj7vTv97zXl0WzG0buV++WcNwOm1rFjg==}
    engines: {node: '>=14.0.0'}
    dependencies:
      '@aws-sdk/types': 3.418.0
      '@smithy/protocol-http': 3.0.6
      '@smithy/types': 2.3.4
      tslib: 2.6.2
    dev: false

  /@aws-sdk/middleware-sdk-s3@3.418.0:
    resolution: {integrity: sha512-rei32LF45SyqL3NlWDjEOfMwAca9A5F4QgUyXJqvASc43oWC1tJnLIhiCxNh8qkWAiRyRzFpcanTeqyaRSsZpA==}
    engines: {node: '>=14.0.0'}
    dependencies:
      '@aws-sdk/types': 3.418.0
      '@aws-sdk/util-arn-parser': 3.310.0
      '@smithy/protocol-http': 3.0.6
      '@smithy/smithy-client': 2.1.9
      '@smithy/types': 2.3.4
      tslib: 2.6.2
    dev: false

  /@aws-sdk/middleware-sdk-sts@3.418.0:
    resolution: {integrity: sha512-cW8ijrCTP+mgihvcq4+TbhAcE/we5lFl4ydRqvTdtcSnYQAVQADg47rnTScQiFsPFEB3NKq7BGeyTJF9MKolPA==}
    engines: {node: '>=14.0.0'}
    dependencies:
      '@aws-sdk/middleware-signing': 3.418.0
      '@aws-sdk/types': 3.418.0
      '@smithy/types': 2.3.4
      tslib: 2.6.2
    dev: false

  /@aws-sdk/middleware-signing@3.418.0:
    resolution: {integrity: sha512-onvs5KoYQE8OlOE740RxWBGtsUyVIgAo0CzRKOQO63ZEYqpL1Os+MS1CGzdNhvQnJgJruE1WW+Ix8fjN30zKPA==}
    engines: {node: '>=14.0.0'}
    dependencies:
      '@aws-sdk/types': 3.418.0
      '@smithy/property-provider': 2.0.11
      '@smithy/protocol-http': 3.0.6
      '@smithy/signature-v4': 2.0.10
      '@smithy/types': 2.3.4
      '@smithy/util-middleware': 2.0.3
      tslib: 2.6.2
    dev: false

  /@aws-sdk/middleware-ssec@3.418.0:
    resolution: {integrity: sha512-J7K+5h6aP7IYMlu/NwHEIjb0+WDu1eFvO8TCPo6j1H9xYRi8B/6h+6pa9Rk9IgRUzFnrdlDu9FazG8Tp0KKLyg==}
    engines: {node: '>=14.0.0'}
    dependencies:
      '@aws-sdk/types': 3.418.0
      '@smithy/types': 2.3.4
      tslib: 2.6.2
    dev: false

  /@aws-sdk/middleware-user-agent@3.418.0:
    resolution: {integrity: sha512-Jdcztg9Tal9SEAL0dKRrnpKrm6LFlWmAhvuwv0dQ7bNTJxIxyEFbpqdgy7mpQHsLVZgq1Aad/7gT/72c9igyZw==}
    engines: {node: '>=14.0.0'}
    dependencies:
      '@aws-sdk/types': 3.418.0
      '@aws-sdk/util-endpoints': 3.418.0
      '@smithy/protocol-http': 3.0.6
      '@smithy/types': 2.3.4
      tslib: 2.6.2
    dev: false

  /@aws-sdk/region-config-resolver@3.418.0:
    resolution: {integrity: sha512-lJRZ/9TjZU6yLz+mAwxJkcJZ6BmyYoIJVo1p5+BN//EFdEmC8/c0c9gXMRzfISV/mqWSttdtccpAyN4/goHTYA==}
    engines: {node: '>=14.0.0'}
    dependencies:
      '@smithy/node-config-provider': 2.0.13
      '@smithy/types': 2.3.4
      '@smithy/util-config-provider': 2.0.0
      '@smithy/util-middleware': 2.0.3
      tslib: 2.6.2
    dev: false

  /@aws-sdk/signature-v4-multi-region@3.418.0:
    resolution: {integrity: sha512-LeVYMZeUQUURFqDf4yZxTEv016g64hi0LqYBjU0mjwd8aPc0k6hckwvshezc80jCNbuLyjNfQclvlg3iFliItQ==}
    engines: {node: '>=14.0.0'}
    dependencies:
      '@aws-sdk/types': 3.418.0
      '@smithy/protocol-http': 3.0.6
      '@smithy/signature-v4': 2.0.10
      '@smithy/types': 2.3.4
      tslib: 2.6.2
    dev: false

  /@aws-sdk/token-providers@3.418.0:
    resolution: {integrity: sha512-9P7Q0VN0hEzTngy3Sz5eya2qEOEf0Q8qf1vB3um0gE6ID6EVAdz/nc/DztfN32MFxk8FeVBrCP5vWdoOzmd72g==}
    engines: {node: '>=14.0.0'}
    dependencies:
      '@aws-crypto/sha256-browser': 3.0.0
      '@aws-crypto/sha256-js': 3.0.0
      '@aws-sdk/middleware-host-header': 3.418.0
      '@aws-sdk/middleware-logger': 3.418.0
      '@aws-sdk/middleware-recursion-detection': 3.418.0
      '@aws-sdk/middleware-user-agent': 3.418.0
      '@aws-sdk/types': 3.418.0
      '@aws-sdk/util-endpoints': 3.418.0
      '@aws-sdk/util-user-agent-browser': 3.418.0
      '@aws-sdk/util-user-agent-node': 3.418.0
      '@smithy/config-resolver': 2.0.11
      '@smithy/fetch-http-handler': 2.2.1
      '@smithy/hash-node': 2.0.10
      '@smithy/invalid-dependency': 2.0.10
      '@smithy/middleware-content-length': 2.0.12
      '@smithy/middleware-endpoint': 2.0.10
      '@smithy/middleware-retry': 2.0.13
      '@smithy/middleware-serde': 2.0.10
      '@smithy/middleware-stack': 2.0.4
      '@smithy/node-config-provider': 2.0.13
      '@smithy/node-http-handler': 2.1.6
      '@smithy/property-provider': 2.0.11
      '@smithy/protocol-http': 3.0.6
      '@smithy/shared-ini-file-loader': 2.0.12
      '@smithy/smithy-client': 2.1.9
      '@smithy/types': 2.3.4
      '@smithy/url-parser': 2.0.10
      '@smithy/util-base64': 2.0.0
      '@smithy/util-body-length-browser': 2.0.0
      '@smithy/util-body-length-node': 2.1.0
      '@smithy/util-defaults-mode-browser': 2.0.13
      '@smithy/util-defaults-mode-node': 2.0.15
      '@smithy/util-retry': 2.0.3
      '@smithy/util-utf8': 2.0.0
      tslib: 2.6.2
    transitivePeerDependencies:
      - aws-crt
    dev: false

  /@aws-sdk/types@3.418.0:
    resolution: {integrity: sha512-y4PQSH+ulfFLY0+FYkaK4qbIaQI9IJNMO2xsxukW6/aNoApNymN1D2FSi2la8Qbp/iPjNDKsG8suNPm9NtsWXQ==}
    engines: {node: '>=14.0.0'}
    dependencies:
      '@smithy/types': 2.3.4
      tslib: 2.6.2
    dev: false

  /@aws-sdk/util-arn-parser@3.310.0:
    resolution: {integrity: sha512-jL8509owp/xB9+Or0pvn3Fe+b94qfklc2yPowZZIFAkFcCSIdkIglz18cPDWnYAcy9JGewpMS1COXKIUhZkJsA==}
    engines: {node: '>=14.0.0'}
    dependencies:
      tslib: 2.6.2
    dev: false

  /@aws-sdk/util-endpoints@3.418.0:
    resolution: {integrity: sha512-sYSDwRTl7yE7LhHkPzemGzmIXFVHSsi3AQ1KeNEk84eBqxMHHcCc2kqklaBk2roXWe50QDgRMy1ikZUxvtzNHQ==}
    engines: {node: '>=14.0.0'}
    dependencies:
      '@aws-sdk/types': 3.418.0
      tslib: 2.6.2
    dev: false

  /@aws-sdk/util-locate-window@3.310.0:
    resolution: {integrity: sha512-qo2t/vBTnoXpjKxlsC2e1gBrRm80M3bId27r0BRB2VniSSe7bL1mmzM+/HFtujm0iAxtPM+aLEflLJlJeDPg0w==}
    engines: {node: '>=14.0.0'}
    dependencies:
      tslib: 2.6.2
    dev: false

  /@aws-sdk/util-user-agent-browser@3.418.0:
    resolution: {integrity: sha512-c4p4mc0VV/jIeNH0lsXzhJ1MpWRLuboGtNEpqE4s1Vl9ck2amv9VdUUZUmHbg+bVxlMgRQ4nmiovA4qIrqGuyg==}
    dependencies:
      '@aws-sdk/types': 3.418.0
      '@smithy/types': 2.3.4
      bowser: 2.11.0
      tslib: 2.6.2
    dev: false

  /@aws-sdk/util-user-agent-node@3.418.0:
    resolution: {integrity: sha512-BXMskXFtg+dmzSCgmnWOffokxIbPr1lFqa1D9kvM3l3IFRiFGx2IyDg+8MAhq11aPDLvoa/BDuQ0Yqma5izOhg==}
    engines: {node: '>=14.0.0'}
    peerDependencies:
      aws-crt: '>=1.0.0'
    peerDependenciesMeta:
      aws-crt:
        optional: true
    dependencies:
      '@aws-sdk/types': 3.418.0
      '@smithy/node-config-provider': 2.0.13
      '@smithy/types': 2.3.4
      tslib: 2.6.2
    dev: false

  /@aws-sdk/util-utf8-browser@3.259.0:
    resolution: {integrity: sha512-UvFa/vR+e19XookZF8RzFZBrw2EUkQWxiBW0yYQAhvk3C+QVGl0H3ouca8LDBlBfQKXwmW3huo/59H8rwb1wJw==}
    dependencies:
      tslib: 2.6.2
    dev: false

  /@aws-sdk/xml-builder@3.310.0:
    resolution: {integrity: sha512-TqELu4mOuSIKQCqj63fGVs86Yh+vBx5nHRpWKNUNhB2nPTpfbziTs5c1X358be3peVWA4wPxW7Nt53KIg1tnNw==}
    engines: {node: '>=14.0.0'}
    dependencies:
      tslib: 2.6.2
    dev: false

  /@esbuild/android-arm64@0.19.4:
    resolution: {integrity: sha512-mRsi2vJsk4Bx/AFsNBqOH2fqedxn5L/moT58xgg51DjX1la64Z3Npicut2VbhvDFO26qjWtPMsVxCd80YTFVeg==}
    engines: {node: '>=12'}
    cpu: [arm64]
    os: [android]
    requiresBuild: true
    dev: true
    optional: true

  /@esbuild/android-arm@0.19.4:
    resolution: {integrity: sha512-uBIbiYMeSsy2U0XQoOGVVcpIktjLMEKa7ryz2RLr7L/vTnANNEsPVAh4xOv7ondGz6ac1zVb0F8Jx20rQikffQ==}
    engines: {node: '>=12'}
    cpu: [arm]
    os: [android]
    requiresBuild: true
    dev: true
    optional: true

  /@esbuild/android-x64@0.19.4:
    resolution: {integrity: sha512-4iPufZ1TMOD3oBlGFqHXBpa3KFT46aLl6Vy7gwed0ZSYgHaZ/mihbYb4t7Z9etjkC9Al3ZYIoOaHrU60gcMy7g==}
    engines: {node: '>=12'}
    cpu: [x64]
    os: [android]
    requiresBuild: true
    dev: true
    optional: true

  /@esbuild/darwin-arm64@0.19.4:
    resolution: {integrity: sha512-Lviw8EzxsVQKpbS+rSt6/6zjn9ashUZ7Tbuvc2YENgRl0yZTktGlachZ9KMJUsVjZEGFVu336kl5lBgDN6PmpA==}
    engines: {node: '>=12'}
    cpu: [arm64]
    os: [darwin]
    requiresBuild: true
    dev: true
    optional: true

  /@esbuild/darwin-x64@0.19.4:
    resolution: {integrity: sha512-YHbSFlLgDwglFn0lAO3Zsdrife9jcQXQhgRp77YiTDja23FrC2uwnhXMNkAucthsf+Psr7sTwYEryxz6FPAVqw==}
    engines: {node: '>=12'}
    cpu: [x64]
    os: [darwin]
    requiresBuild: true
    dev: true
    optional: true

  /@esbuild/freebsd-arm64@0.19.4:
    resolution: {integrity: sha512-vz59ijyrTG22Hshaj620e5yhs2dU1WJy723ofc+KUgxVCM6zxQESmWdMuVmUzxtGqtj5heHyB44PjV/HKsEmuQ==}
    engines: {node: '>=12'}
    cpu: [arm64]
    os: [freebsd]
    requiresBuild: true
    dev: true
    optional: true

  /@esbuild/freebsd-x64@0.19.4:
    resolution: {integrity: sha512-3sRbQ6W5kAiVQRBWREGJNd1YE7OgzS0AmOGjDmX/qZZecq8NFlQsQH0IfXjjmD0XtUYqr64e0EKNFjMUlPL3Cw==}
    engines: {node: '>=12'}
    cpu: [x64]
    os: [freebsd]
    requiresBuild: true
    dev: true
    optional: true

  /@esbuild/linux-arm64@0.19.4:
    resolution: {integrity: sha512-ZWmWORaPbsPwmyu7eIEATFlaqm0QGt+joRE9sKcnVUG3oBbr/KYdNE2TnkzdQwX6EDRdg/x8Q4EZQTXoClUqqA==}
    engines: {node: '>=12'}
    cpu: [arm64]
    os: [linux]
    requiresBuild: true
    dev: true
    optional: true

  /@esbuild/linux-arm@0.19.4:
    resolution: {integrity: sha512-z/4ArqOo9EImzTi4b6Vq+pthLnepFzJ92BnofU1jgNlcVb+UqynVFdoXMCFreTK7FdhqAzH0vmdwW5373Hm9pg==}
    engines: {node: '>=12'}
    cpu: [arm]
    os: [linux]
    requiresBuild: true
    dev: true
    optional: true

  /@esbuild/linux-ia32@0.19.4:
    resolution: {integrity: sha512-EGc4vYM7i1GRUIMqRZNCTzJh25MHePYsnQfKDexD8uPTCm9mK56NIL04LUfX2aaJ+C9vyEp2fJ7jbqFEYgO9lQ==}
    engines: {node: '>=12'}
    cpu: [ia32]
    os: [linux]
    requiresBuild: true
    dev: true
    optional: true

  /@esbuild/linux-loong64@0.19.4:
    resolution: {integrity: sha512-WVhIKO26kmm8lPmNrUikxSpXcgd6HDog0cx12BUfA2PkmURHSgx9G6vA19lrlQOMw+UjMZ+l3PpbtzffCxFDRg==}
    engines: {node: '>=12'}
    cpu: [loong64]
    os: [linux]
    requiresBuild: true
    dev: true
    optional: true

  /@esbuild/linux-mips64el@0.19.4:
    resolution: {integrity: sha512-keYY+Hlj5w86hNp5JJPuZNbvW4jql7c1eXdBUHIJGTeN/+0QFutU3GrS+c27L+NTmzi73yhtojHk+lr2+502Mw==}
    engines: {node: '>=12'}
    cpu: [mips64el]
    os: [linux]
    requiresBuild: true
    dev: true
    optional: true

  /@esbuild/linux-ppc64@0.19.4:
    resolution: {integrity: sha512-tQ92n0WMXyEsCH4m32S21fND8VxNiVazUbU4IUGVXQpWiaAxOBvtOtbEt3cXIV3GEBydYsY8pyeRMJx9kn3rvw==}
    engines: {node: '>=12'}
    cpu: [ppc64]
    os: [linux]
    requiresBuild: true
    dev: true
    optional: true

  /@esbuild/linux-riscv64@0.19.4:
    resolution: {integrity: sha512-tRRBey6fG9tqGH6V75xH3lFPpj9E8BH+N+zjSUCnFOX93kEzqS0WdyJHkta/mmJHn7MBaa++9P4ARiU4ykjhig==}
    engines: {node: '>=12'}
    cpu: [riscv64]
    os: [linux]
    requiresBuild: true
    dev: true
    optional: true

  /@esbuild/linux-s390x@0.19.4:
    resolution: {integrity: sha512-152aLpQqKZYhThiJ+uAM4PcuLCAOxDsCekIbnGzPKVBRUDlgaaAfaUl5NYkB1hgY6WN4sPkejxKlANgVcGl9Qg==}
    engines: {node: '>=12'}
    cpu: [s390x]
    os: [linux]
    requiresBuild: true
    dev: true
    optional: true

  /@esbuild/linux-x64@0.19.4:
    resolution: {integrity: sha512-Mi4aNA3rz1BNFtB7aGadMD0MavmzuuXNTaYL6/uiYIs08U7YMPETpgNn5oue3ICr+inKwItOwSsJDYkrE9ekVg==}
    engines: {node: '>=12'}
    cpu: [x64]
    os: [linux]
    requiresBuild: true
    dev: true
    optional: true

  /@esbuild/netbsd-x64@0.19.4:
    resolution: {integrity: sha512-9+Wxx1i5N/CYo505CTT7T+ix4lVzEdz0uCoYGxM5JDVlP2YdDC1Bdz+Khv6IbqmisT0Si928eAxbmGkcbiuM/A==}
    engines: {node: '>=12'}
    cpu: [x64]
    os: [netbsd]
    requiresBuild: true
    dev: true
    optional: true

  /@esbuild/openbsd-x64@0.19.4:
    resolution: {integrity: sha512-MFsHleM5/rWRW9EivFssop+OulYVUoVcqkyOkjiynKBCGBj9Lihl7kh9IzrreDyXa4sNkquei5/DTP4uCk25xw==}
    engines: {node: '>=12'}
    cpu: [x64]
    os: [openbsd]
    requiresBuild: true
    dev: true
    optional: true

  /@esbuild/sunos-x64@0.19.4:
    resolution: {integrity: sha512-6Xq8SpK46yLvrGxjp6HftkDwPP49puU4OF0hEL4dTxqCbfx09LyrbUj/D7tmIRMj5D5FCUPksBbxyQhp8tmHzw==}
    engines: {node: '>=12'}
    cpu: [x64]
    os: [sunos]
    requiresBuild: true
    dev: true
    optional: true

  /@esbuild/win32-arm64@0.19.4:
    resolution: {integrity: sha512-PkIl7Jq4mP6ke7QKwyg4fD4Xvn8PXisagV/+HntWoDEdmerB2LTukRZg728Yd1Fj+LuEX75t/hKXE2Ppk8Hh1w==}
    engines: {node: '>=12'}
    cpu: [arm64]
    os: [win32]
    requiresBuild: true
    dev: true
    optional: true

  /@esbuild/win32-ia32@0.19.4:
    resolution: {integrity: sha512-ga676Hnvw7/ycdKB53qPusvsKdwrWzEyJ+AtItHGoARszIqvjffTwaaW3b2L6l90i7MO9i+dlAW415INuRhSGg==}
    engines: {node: '>=12'}
    cpu: [ia32]
    os: [win32]
    requiresBuild: true
    dev: true
    optional: true

  /@esbuild/win32-x64@0.19.4:
    resolution: {integrity: sha512-HP0GDNla1T3ZL8Ko/SHAS2GgtjOg+VmWnnYLhuTksr++EnduYB0f3Y2LzHsUwb2iQ13JGoY6G3R8h6Du/WG6uA==}
    engines: {node: '>=12'}
    cpu: [x64]
    os: [win32]
    requiresBuild: true
    dev: true
    optional: true

  /@smithy/abort-controller@2.0.10:
    resolution: {integrity: sha512-xn7PnFD3m4rQIG00h1lPuDVnC2QMtTFhzRLX3y56KkgFaCysS7vpNevNBgmNUtmJ4eVFc+66Zucwo2KDLdicOg==}
    engines: {node: '>=14.0.0'}
    dependencies:
      '@smithy/types': 2.3.4
      tslib: 2.6.2
    dev: false

  /@smithy/chunked-blob-reader-native@2.0.0:
    resolution: {integrity: sha512-HM8V2Rp1y8+1343tkZUKZllFhEQPNmpNdgFAncbTsxkZ18/gqjk23XXv3qGyXWp412f3o43ZZ1UZHVcHrpRnCQ==}
    dependencies:
      '@smithy/util-base64': 2.0.0
      tslib: 2.6.2
    dev: false

  /@smithy/chunked-blob-reader@2.0.0:
    resolution: {integrity: sha512-k+J4GHJsMSAIQPChGBrjEmGS+WbPonCXesoqP9fynIqjn7rdOThdH8FAeCmokP9mxTYKQAKoHCLPzNlm6gh7Wg==}
    dependencies:
      tslib: 2.6.2
    dev: false

  /@smithy/config-resolver@2.0.11:
    resolution: {integrity: sha512-q97FnlUmbai1c4JlQJgLVBsvSxgV/7Nvg/JK76E1nRq/U5UM56Eqo3dn2fY7JibqgJLg4LPsGdwtIyqyOk35CQ==}
    engines: {node: '>=14.0.0'}
    dependencies:
      '@smithy/node-config-provider': 2.0.13
      '@smithy/types': 2.3.4
      '@smithy/util-config-provider': 2.0.0
      '@smithy/util-middleware': 2.0.3
      tslib: 2.6.2
    dev: false

  /@smithy/credential-provider-imds@2.0.13:
    resolution: {integrity: sha512-/xe3wNoC4j+BeTemH9t2gSKLBfyZmk8LXB2pQm/TOEYi+QhBgT+PSolNDfNAhrR68eggNE17uOimsrnwSkCt4w==}
    engines: {node: '>=14.0.0'}
    dependencies:
      '@smithy/node-config-provider': 2.0.13
      '@smithy/property-provider': 2.0.11
      '@smithy/types': 2.3.4
      '@smithy/url-parser': 2.0.10
      tslib: 2.6.2
    dev: false

  /@smithy/eventstream-codec@2.0.10:
    resolution: {integrity: sha512-3SSDgX2nIsFwif6m+I4+ar4KDcZX463Noes8ekBgQHitULiWvaDZX8XqPaRQSQ4bl1vbeVXHklJfv66MnVO+lw==}
    dependencies:
      '@aws-crypto/crc32': 3.0.0
      '@smithy/types': 2.3.4
      '@smithy/util-hex-encoding': 2.0.0
      tslib: 2.6.2
    dev: false

  /@smithy/eventstream-serde-browser@2.0.10:
    resolution: {integrity: sha512-/NSUNrWedO9Se80jo/2WcPvqobqCM/0drZ03Kqn1GZpGwVTsdqNj7frVTCUJs/W/JEzOShdMv8ewoKIR7RWPmA==}
    engines: {node: '>=14.0.0'}
    dependencies:
      '@smithy/eventstream-serde-universal': 2.0.10
      '@smithy/types': 2.3.4
      tslib: 2.6.2
    dev: false

  /@smithy/eventstream-serde-config-resolver@2.0.10:
    resolution: {integrity: sha512-ag1U0vsC5rhRm7okFzsS6YsvyTRe62jIgJ82+Wr4qoOASx7eCDWdjoqLnrdDY0S4UToF9hZAyo4Du/xrSSSk4g==}
    engines: {node: '>=14.0.0'}
    dependencies:
      '@smithy/types': 2.3.4
      tslib: 2.6.2
    dev: false

  /@smithy/eventstream-serde-node@2.0.10:
    resolution: {integrity: sha512-3+VeofxoVCa+dvqcuzEpnFve8EQJKaYR7UslDFpj6UTZfa7Hxr8o1/cbFkTftFo71PxzYVsR+bsD56EbAO432A==}
    engines: {node: '>=14.0.0'}
    dependencies:
      '@smithy/eventstream-serde-universal': 2.0.10
      '@smithy/types': 2.3.4
      tslib: 2.6.2
    dev: false

  /@smithy/eventstream-serde-universal@2.0.10:
    resolution: {integrity: sha512-JhJJU1ULLsn5kxKfFe8zOF2tibjxlPIvIB71Kn20aa/OFs+lvXBR0hBGswpovyYyckXH3qU8VxuIOEuS+2G+3A==}
    engines: {node: '>=14.0.0'}
    dependencies:
      '@smithy/eventstream-codec': 2.0.10
      '@smithy/types': 2.3.4
      tslib: 2.6.2
    dev: false

  /@smithy/fetch-http-handler@2.2.1:
    resolution: {integrity: sha512-bXyM8PBAIKxVV++2ZSNBEposTDjFQ31XWOdHED+2hWMNvJHUoQqFbECg/uhcVOa6vHie2/UnzIZfXBSTpDBnEw==}
    dependencies:
      '@smithy/protocol-http': 3.0.6
      '@smithy/querystring-builder': 2.0.10
      '@smithy/types': 2.3.4
      '@smithy/util-base64': 2.0.0
      tslib: 2.6.2
    dev: false

  /@smithy/hash-blob-browser@2.0.10:
    resolution: {integrity: sha512-U2+wIWWloOZ9DaRuz2sk9f7A6STRTlwdcv+q6abXDvS0TRDk8KGgUmfV5lCZy8yxFxZIA0hvHDNqcd25r4Hrew==}
    dependencies:
      '@smithy/chunked-blob-reader': 2.0.0
      '@smithy/chunked-blob-reader-native': 2.0.0
      '@smithy/types': 2.3.4
      tslib: 2.6.2
    dev: false

  /@smithy/hash-node@2.0.10:
    resolution: {integrity: sha512-jSTf6uzPk/Vf+8aQ7tVXeHfjxe9wRXSCqIZcBymSDTf7/YrVxniBdpyN74iI8ZUOx/Pyagc81OK5FROLaEjbXQ==}
    engines: {node: '>=14.0.0'}
    dependencies:
      '@smithy/types': 2.3.4
      '@smithy/util-buffer-from': 2.0.0
      '@smithy/util-utf8': 2.0.0
      tslib: 2.6.2
    dev: false

  /@smithy/hash-stream-node@2.0.10:
    resolution: {integrity: sha512-L58XEGrownZZSpF7Lp0gc0hy+eYKXuPgNz3pQgP5lPFGwBzHdldx2X6o3c6swD6RkcPvTRh0wTUVVGwUotbgnQ==}
    engines: {node: '>=14.0.0'}
    dependencies:
      '@smithy/types': 2.3.4
      '@smithy/util-utf8': 2.0.0
      tslib: 2.6.2
    dev: false

  /@smithy/invalid-dependency@2.0.10:
    resolution: {integrity: sha512-zw9p/zsmJ2cFcW4KMz3CJoznlbRvEA6HG2mvEaX5eAca5dq4VGI2MwPDTfmteC/GsnURS4ogoMQ0p6aHM2SDVQ==}
    dependencies:
      '@smithy/types': 2.3.4
      tslib: 2.6.2
    dev: false

  /@smithy/is-array-buffer@2.0.0:
    resolution: {integrity: sha512-z3PjFjMyZNI98JFRJi/U0nGoLWMSJlDjAW4QUX2WNZLas5C0CmVV6LJ01JI0k90l7FvpmixjWxPFmENSClQ7ug==}
    engines: {node: '>=14.0.0'}
    dependencies:
      tslib: 2.6.2
    dev: false

  /@smithy/md5-js@2.0.10:
    resolution: {integrity: sha512-eA/Ova4/UdQUbMlrbBmnewmukH0zWU6C67HFFR/719vkFNepbnliGjmGksQ9vylz9eD4nfGkZZ5NKZMAcUuzjQ==}
    dependencies:
      '@smithy/types': 2.3.4
      '@smithy/util-utf8': 2.0.0
      tslib: 2.6.2
    dev: false

  /@smithy/middleware-content-length@2.0.12:
    resolution: {integrity: sha512-QRhJTo5TjG7oF7np6yY4ZO9GDKFVzU/GtcqUqyEa96bLHE3yZHgNmsolOQ97pfxPHmFhH4vDP//PdpAIN3uI1Q==}
    engines: {node: '>=14.0.0'}
    dependencies:
      '@smithy/protocol-http': 3.0.6
      '@smithy/types': 2.3.4
      tslib: 2.6.2
    dev: false

  /@smithy/middleware-endpoint@2.0.10:
    resolution: {integrity: sha512-O6m4puZc16xfenotZUHL4bRlMrwf4gTp+0I5l954M5KNd3dOK18P+FA/IIUgnXF/dX6hlCUcJkBp7nAzwrePKA==}
    engines: {node: '>=14.0.0'}
    dependencies:
      '@smithy/middleware-serde': 2.0.10
      '@smithy/types': 2.3.4
      '@smithy/url-parser': 2.0.10
      '@smithy/util-middleware': 2.0.3
      tslib: 2.6.2
    dev: false

  /@smithy/middleware-retry@2.0.13:
    resolution: {integrity: sha512-zuOva8xgWC7KYG8rEXyWIcZv2GWszO83DCTU6IKcf/FKu6OBmSE+EYv3EUcCGY+GfiwCX0EyJExC9Lpq9b0w5Q==}
    engines: {node: '>=14.0.0'}
    dependencies:
      '@smithy/node-config-provider': 2.0.13
      '@smithy/protocol-http': 3.0.6
      '@smithy/service-error-classification': 2.0.3
      '@smithy/types': 2.3.4
      '@smithy/util-middleware': 2.0.3
      '@smithy/util-retry': 2.0.3
      tslib: 2.6.2
      uuid: 8.3.2
    dev: false

  /@smithy/middleware-serde@2.0.10:
    resolution: {integrity: sha512-+A0AFqs768256H/BhVEsBF6HijFbVyAwYRVXY/izJFkTalVWJOp4JA0YdY0dpXQd+AlW0tzs+nMQCE1Ew+DcgQ==}
    engines: {node: '>=14.0.0'}
    dependencies:
      '@smithy/types': 2.3.4
      tslib: 2.6.2
    dev: false

  /@smithy/middleware-stack@2.0.4:
    resolution: {integrity: sha512-MW0KNKfh8ZGLagMZnxcLJWPNXoKqW6XV/st5NnCBmmA2e2JhrUjU0AJ5Ca/yjTyNEKs3xH7AQDwp1YmmpEpmQQ==}
    engines: {node: '>=14.0.0'}
    dependencies:
      '@smithy/types': 2.3.4
      tslib: 2.6.2
    dev: false

  /@smithy/node-config-provider@2.0.13:
    resolution: {integrity: sha512-pPpLqYuJcOq1sj1EGu+DoZK47DUS4gepqSTNgRezmrjnzNlSU2/Dcc9Ebzs+WZ0Z5vXKazuE+k+NksFLo07/AA==}
    engines: {node: '>=14.0.0'}
    dependencies:
      '@smithy/property-provider': 2.0.11
      '@smithy/shared-ini-file-loader': 2.0.12
      '@smithy/types': 2.3.4
      tslib: 2.6.2
    dev: false

  /@smithy/node-http-handler@2.1.6:
    resolution: {integrity: sha512-NspvD3aCwiUNtoSTcVHz0RZz1tQ/SaRIe1KPF+r0mAdCZ9eWuhIeJT8ZNPYa1ITn7/Lgg64IyFjqPynZ8KnYQw==}
    engines: {node: '>=14.0.0'}
    dependencies:
      '@smithy/abort-controller': 2.0.10
      '@smithy/protocol-http': 3.0.6
      '@smithy/querystring-builder': 2.0.10
      '@smithy/types': 2.3.4
      tslib: 2.6.2
    dev: false

  /@smithy/property-provider@2.0.11:
    resolution: {integrity: sha512-kzuOadu6XvrnlF1iXofpKXYmo4oe19st9/DE8f5gHNaFepb4eTkR8gD8BSdTnNnv7lxfv6uOwZPg4VS6hemX1w==}
    engines: {node: '>=14.0.0'}
    dependencies:
      '@smithy/types': 2.3.4
      tslib: 2.6.2
    dev: false

  /@smithy/protocol-http@3.0.6:
    resolution: {integrity: sha512-F0jAZzwznMmHaggiZgc7YoS08eGpmLvhVktY/Taz6+OAOHfyIqWSDNgFqYR+WHW9z5fp2XvY4mEUrQgYMQ71jw==}
    engines: {node: '>=14.0.0'}
    dependencies:
      '@smithy/types': 2.3.4
      tslib: 2.6.2
    dev: false

  /@smithy/querystring-builder@2.0.10:
    resolution: {integrity: sha512-uujJGp8jzrrU1UHme8sUKEbawQTcTmUWsh8rbGXYD/lMwNLQ+9jQ9dMDWbbH9Hpoa9RER1BeL/38WzGrbpob2w==}
    engines: {node: '>=14.0.0'}
    dependencies:
      '@smithy/types': 2.3.4
      '@smithy/util-uri-escape': 2.0.0
      tslib: 2.6.2
    dev: false

  /@smithy/querystring-parser@2.0.10:
    resolution: {integrity: sha512-WSD4EU60Q8scacT5PIpx4Bahn6nWpt+MiYLcBkFt6fOj7AssrNeaNIU2Z0g40ftVmrwLcEOIKGX92ynbVDb3ZA==}
    engines: {node: '>=14.0.0'}
    dependencies:
      '@smithy/types': 2.3.4
      tslib: 2.6.2
    dev: false

  /@smithy/service-error-classification@2.0.3:
    resolution: {integrity: sha512-b+m4QCHXb7oKAkM/jHwHrl5gpqhFoMTHF643L0/vAEkegrcUWyh1UjyoHttuHcP5FnHVVy4EtpPtLkEYD+xMFw==}
    engines: {node: '>=14.0.0'}
    dependencies:
      '@smithy/types': 2.3.4
    dev: false

  /@smithy/shared-ini-file-loader@2.0.12:
    resolution: {integrity: sha512-umi0wc4UBGYullAgYNUVfGLgVpxQyES47cnomTqzCKeKO5oudO4hyDNj+wzrOjqDFwK2nWYGVgS8Y0JgGietrw==}
    engines: {node: '>=14.0.0'}
    dependencies:
      '@smithy/types': 2.3.4
      tslib: 2.6.2
    dev: false

  /@smithy/signature-v4@2.0.10:
    resolution: {integrity: sha512-S6gcP4IXfO/VMswovrhxPpqvQvMal7ZRjM4NvblHSPpE5aNBYx67UkHFF3kg0hR3tJKqNpBGbxwq0gzpdHKLRA==}
    engines: {node: '>=14.0.0'}
    dependencies:
      '@smithy/eventstream-codec': 2.0.10
      '@smithy/is-array-buffer': 2.0.0
      '@smithy/types': 2.3.4
      '@smithy/util-hex-encoding': 2.0.0
      '@smithy/util-middleware': 2.0.3
      '@smithy/util-uri-escape': 2.0.0
      '@smithy/util-utf8': 2.0.0
      tslib: 2.6.2
    dev: false

  /@smithy/smithy-client@2.1.9:
    resolution: {integrity: sha512-HTicQSn/lOcXKJT+DKJ4YMu51S6PzbWsO8Z6Pwueo30mSoFKXg5P0BDkg2VCDqCVR0mtddM/F6hKhjW6YAV/yg==}
    engines: {node: '>=14.0.0'}
    dependencies:
      '@smithy/middleware-stack': 2.0.4
      '@smithy/types': 2.3.4
      '@smithy/util-stream': 2.0.14
      tslib: 2.6.2
    dev: false

  /@smithy/types@2.3.4:
    resolution: {integrity: sha512-D7xlM9FOMFyFw7YnMXn9dK2KuN6+JhnrZwVt1fWaIu8hCk5CigysweeIT/H/nCo4YV+s8/oqUdLfexbkPZtvqw==}
    engines: {node: '>=14.0.0'}
    dependencies:
      tslib: 2.6.2
    dev: false

  /@smithy/url-parser@2.0.10:
    resolution: {integrity: sha512-4TXQFGjHcqru8aH5VRB4dSnOFKCYNX6SR1Do6fwxZ+ExT2onLsh2W77cHpks7ma26W5jv6rI1u7d0+KX9F0aOw==}
    dependencies:
      '@smithy/querystring-parser': 2.0.10
      '@smithy/types': 2.3.4
      tslib: 2.6.2
    dev: false

  /@smithy/util-base64@2.0.0:
    resolution: {integrity: sha512-Zb1E4xx+m5Lud8bbeYi5FkcMJMnn+1WUnJF3qD7rAdXpaL7UjkFQLdmW5fHadoKbdHpwH9vSR8EyTJFHJs++tA==}
    engines: {node: '>=14.0.0'}
    dependencies:
      '@smithy/util-buffer-from': 2.0.0
      tslib: 2.6.2
    dev: false

  /@smithy/util-body-length-browser@2.0.0:
    resolution: {integrity: sha512-JdDuS4ircJt+FDnaQj88TzZY3+njZ6O+D3uakS32f2VNnDo3vyEuNdBOh/oFd8Df1zSZOuH1HEChk2AOYDezZg==}
    dependencies:
      tslib: 2.6.2
    dev: false

  /@smithy/util-body-length-node@2.1.0:
    resolution: {integrity: sha512-/li0/kj/y3fQ3vyzn36NTLGmUwAICb7Jbe/CsWCktW363gh1MOcpEcSO3mJ344Gv2dqz8YJCLQpb6hju/0qOWw==}
    engines: {node: '>=14.0.0'}
    dependencies:
      tslib: 2.6.2
    dev: false

  /@smithy/util-buffer-from@2.0.0:
    resolution: {integrity: sha512-/YNnLoHsR+4W4Vf2wL5lGv0ksg8Bmk3GEGxn2vEQt52AQaPSCuaO5PM5VM7lP1K9qHRKHwrPGktqVoAHKWHxzw==}
    engines: {node: '>=14.0.0'}
    dependencies:
      '@smithy/is-array-buffer': 2.0.0
      tslib: 2.6.2
    dev: false

  /@smithy/util-config-provider@2.0.0:
    resolution: {integrity: sha512-xCQ6UapcIWKxXHEU4Mcs2s7LcFQRiU3XEluM2WcCjjBtQkUN71Tb+ydGmJFPxMUrW/GWMgQEEGipLym4XG0jZg==}
    engines: {node: '>=14.0.0'}
    dependencies:
      tslib: 2.6.2
    dev: false

  /@smithy/util-defaults-mode-browser@2.0.13:
    resolution: {integrity: sha512-UmmOdUzaQjqdsl1EjbpEaQxM0VDFqTj6zDuI26/hXN7L/a1k1koTwkYpogHMvunDX3fjrQusg5gv1Td4UsGyog==}
    engines: {node: '>= 10.0.0'}
    dependencies:
      '@smithy/property-provider': 2.0.11
      '@smithy/smithy-client': 2.1.9
      '@smithy/types': 2.3.4
      bowser: 2.11.0
      tslib: 2.6.2
    dev: false

  /@smithy/util-defaults-mode-node@2.0.15:
    resolution: {integrity: sha512-g6J7MHAibVPMTlXyH3mL+Iet4lMJKFVhsOhJmn+IKG81uy9m42CkRSDlwdQSJAcprLQBIaOPdFxNXQvrg2w1Uw==}
    engines: {node: '>= 10.0.0'}
    dependencies:
      '@smithy/config-resolver': 2.0.11
      '@smithy/credential-provider-imds': 2.0.13
      '@smithy/node-config-provider': 2.0.13
      '@smithy/property-provider': 2.0.11
      '@smithy/smithy-client': 2.1.9
      '@smithy/types': 2.3.4
      tslib: 2.6.2
    dev: false

  /@smithy/util-hex-encoding@2.0.0:
    resolution: {integrity: sha512-c5xY+NUnFqG6d7HFh1IFfrm3mGl29lC+vF+geHv4ToiuJCBmIfzx6IeHLg+OgRdPFKDXIw6pvi+p3CsscaMcMA==}
    engines: {node: '>=14.0.0'}
    dependencies:
      tslib: 2.6.2
    dev: false

  /@smithy/util-middleware@2.0.3:
    resolution: {integrity: sha512-+FOCFYOxd2HO7v/0hkFSETKf7FYQWa08wh/x/4KUeoVBnLR4juw8Qi+TTqZI6E2h5LkzD9uOaxC9lAjrpVzaaA==}
    engines: {node: '>=14.0.0'}
    dependencies:
      '@smithy/types': 2.3.4
      tslib: 2.6.2
    dev: false

  /@smithy/util-retry@2.0.3:
    resolution: {integrity: sha512-gw+czMnj82i+EaH7NL7XKkfX/ZKrCS2DIWwJFPKs76bMgkhf0y1C94Lybn7f8GkBI9lfIOUdPYtzm19zQOC8sw==}
    engines: {node: '>= 14.0.0'}
    dependencies:
      '@smithy/service-error-classification': 2.0.3
      '@smithy/types': 2.3.4
      tslib: 2.6.2
    dev: false

  /@smithy/util-stream@2.0.14:
    resolution: {integrity: sha512-XjvlDYe+9DieXhLf7p+EgkXwFtl34kHZcWfHnc5KaILbhyVfDLWuqKTFx6WwCFqb01iFIig8trGwExRIqqkBYg==}
    engines: {node: '>=14.0.0'}
    dependencies:
      '@smithy/fetch-http-handler': 2.2.1
      '@smithy/node-http-handler': 2.1.6
      '@smithy/types': 2.3.4
      '@smithy/util-base64': 2.0.0
      '@smithy/util-buffer-from': 2.0.0
      '@smithy/util-hex-encoding': 2.0.0
      '@smithy/util-utf8': 2.0.0
      tslib: 2.6.2
    dev: false

  /@smithy/util-uri-escape@2.0.0:
    resolution: {integrity: sha512-ebkxsqinSdEooQduuk9CbKcI+wheijxEb3utGXkCoYQkJnwTnLbH1JXGimJtUkQwNQbsbuYwG2+aFVyZf5TLaw==}
    engines: {node: '>=14.0.0'}
    dependencies:
      tslib: 2.6.2
    dev: false

  /@smithy/util-utf8@2.0.0:
    resolution: {integrity: sha512-rctU1VkziY84n5OXe3bPNpKR001ZCME2JCaBBFgtiM2hfKbHFudc/BkMuPab8hRbLd0j3vbnBTTZ1igBf0wgiQ==}
    engines: {node: '>=14.0.0'}
    dependencies:
      '@smithy/util-buffer-from': 2.0.0
      tslib: 2.6.2
    dev: false

  /@smithy/util-waiter@2.0.10:
    resolution: {integrity: sha512-yQjwWVrwYw+/f3hFQccE3zZF7lk6N6xtNcA6jvhWFYhnyKAm6B2mX8Gzftl0TbgoPUpzCvKYlvhaEpVtRpVfVw==}
    engines: {node: '>=14.0.0'}
    dependencies:
      '@smithy/abort-controller': 2.0.10
      '@smithy/types': 2.3.4
      tslib: 2.6.2
    dev: false

  /@types/aws-lambda@8.10.122:
    resolution: {integrity: sha512-vBkIh9AY22kVOCEKo5CJlyCgmSWvasC+SWUxL/x/vOwRobMpI/HG1xp/Ae3AqmSiZeLUbOhW0FCD3ZjqqUxmXw==}
    dev: true

  /bowser@2.11.0:
    resolution: {integrity: sha512-AlcaJBi/pqqJBIQ8U9Mcpc9i8Aqxn88Skv5d+xBX006BY5u8N3mGLHa5Lgppa7L/HfwgwLgZ6NYs+Ag6uUmJRA==}
    dev: false

  /esbuild@0.19.4:
    resolution: {integrity: sha512-x7jL0tbRRpv4QUyuDMjONtWFciygUxWaUM1kMX2zWxI0X2YWOt7MSA0g4UdeSiHM8fcYVzpQhKYOycZwxTdZkA==}
    engines: {node: '>=12'}
    hasBin: true
    requiresBuild: true
    optionalDependencies:
      '@esbuild/android-arm': 0.19.4
      '@esbuild/android-arm64': 0.19.4
      '@esbuild/android-x64': 0.19.4
      '@esbuild/darwin-arm64': 0.19.4
      '@esbuild/darwin-x64': 0.19.4
      '@esbuild/freebsd-arm64': 0.19.4
      '@esbuild/freebsd-x64': 0.19.4
      '@esbuild/linux-arm': 0.19.4
      '@esbuild/linux-arm64': 0.19.4
      '@esbuild/linux-ia32': 0.19.4
      '@esbuild/linux-loong64': 0.19.4
      '@esbuild/linux-mips64el': 0.19.4
      '@esbuild/linux-ppc64': 0.19.4
      '@esbuild/linux-riscv64': 0.19.4
      '@esbuild/linux-s390x': 0.19.4
      '@esbuild/linux-x64': 0.19.4
      '@esbuild/netbsd-x64': 0.19.4
      '@esbuild/openbsd-x64': 0.19.4
      '@esbuild/sunos-x64': 0.19.4
      '@esbuild/win32-arm64': 0.19.4
      '@esbuild/win32-ia32': 0.19.4
      '@esbuild/win32-x64': 0.19.4
    dev: true

  /fast-xml-parser@4.2.5:
    resolution: {integrity: sha512-B9/wizE4WngqQftFPmdaMYlXoJlJOYxGQOanC77fq9k8+Z0v5dDSVh+3glErdIROP//s/jgb7ZuxKfB8nVyo0g==}
    hasBin: true
    dependencies:
      strnum: 1.0.5
    dev: false

  /strnum@1.0.5:
    resolution: {integrity: sha512-J8bbNyKKXl5qYcR36TIO8W3mVGVHrmmxsd5PAItGkmyzwJvybiw2IVq5nqd0i4LSNSkB/sx9VHllbfFdr9k1JA==}
    dev: false

  /tslib@1.14.1:
    resolution: {integrity: sha512-Xni35NKzjgMrwevysHTCArtLDpPvye8zV/0E4EyYn43P7/7qvQwPh9BGkHewbMulVntbigmcT7rdX3BNo9wRJg==}
    dev: false

  /tslib@2.6.2:
    resolution: {integrity: sha512-AEYxH93jGFPn/a2iVAwW87VuUIkR1FVUKB77NwMF7nBTDkDrrT/Hpt/IrCJ0QXhW27jTBDcf5ZY7w6RiqTMw2Q==}
    dev: false

  /uuid@8.3.2:
    resolution: {integrity: sha512-+NYs2QeMWy+GWFOEm9xnn6HCDp0l7QBD7ml8zLUmJ+93Q5NF0NocErnwkTkXVFNiX3/fpC6afS8Dhb/gz7R7eg==}
    hasBin: true
    dev: false
